
Microsoft Visual Studio Solution File, Format Version 12.00
# Visual Studio Version 16
VisualStudioVersion = 16.0.29613.14
MinimumVisualStudioVersion = 10.0.40219.1
Project("{9A19103F-16F7-4668-BE54-9A1E7A4F7556}") = "ApiC.Application", "src\ApiC.Application\ApiC.Application.csproj", "{E43C79D9-3FDD-42AA-8654-8E3D1D938C66}"
EndProject
Project("{9A19103F-16F7-4668-BE54-9A1E7A4F7556}") = "ApiC.CrossCutting", "src\ApiC.CrossCutting\ApiC.CrossCutting.csproj", "{3B09DEEE-5DB6-4787-86E4-ED08ECA1E853}"
EndProject
Project("{9A19103F-16F7-4668-BE54-9A1E7A4F7556}") = "ApiC.Data", "src\ApiC.Data\ApiC.Data.csproj", "{5A244F3F-ECAE-4176-9477-CD3090C416F0}"
EndProject
Project("{9A19103F-16F7-4668-BE54-9A1E7A4F7556}") = "ApiC.Domain", "src\ApiC.Domain\ApiC.Domain.csproj", "{91213655-2469-4889-906A-EB0935AEAF7A}"
EndProject
Project("{9A19103F-16F7-4668-BE54-9A1E7A4F7556}") = "ApiC.Service", "src\ApiC.Service\ApiC.Service.csproj", "{EA431C45-C8D5-47EA-9948-47954012C9AE}"
EndProject
Global
	GlobalSection(SolutionConfigurationPlatforms) = preSolution
		Debug|Any CPU = Debug|Any CPU
		Release|Any CPU = Release|Any CPU
	EndGlobalSection
	GlobalSection(ProjectConfigurationPlatforms) = postSolution
		{E43C79D9-3FDD-42AA-8654-8E3D1D938C66}.Debug|Any CPU.ActiveCfg = Debug|Any CPU
		{E43C79D9-3FDD-42AA-8654-8E3D1D938C66}.Debug|Any CPU.Build.0 = Debug|Any CPU
		{E43C79D9-3FDD-42AA-8654-8E3D1D938C66}.Release|Any CPU.ActiveCfg = Release|Any CPU
		{E43C79D9-3FDD-42AA-8654-8E3D1D938C66}.Release|Any CPU.Build.0 = Release|Any CPU
		{3B09DEEE-5DB6-4787-86E4-ED08ECA1E853}.Debug|Any CPU.ActiveCfg = Debug|Any CPU
		{3B09DEEE-5DB6-4787-86E4-ED08ECA1E853}.Debug|Any CPU.Build.0 = Debug|Any CPU
		{3B09DEEE-5DB6-4787-86E4-ED08ECA1E853}.Release|Any CPU.ActiveCfg = Release|Any CPU
		{3B09DEEE-5DB6-4787-86E4-ED08ECA1E853}.Release|Any CPU.Build.0 = Release|Any CPU
		{5A244F3F-ECAE-4176-9477-CD3090C416F0}.Debug|Any CPU.ActiveCfg = Debug|Any CPU
		{5A244F3F-ECAE-4176-9477-CD3090C416F0}.Debug|Any CPU.Build.0 = Debug|Any CPU
		{5A244F3F-ECAE-4176-9477-CD3090C416F0}.Release|Any CPU.ActiveCfg = Release|Any CPU
		{5A244F3F-ECAE-4176-9477-CD3090C416F0}.Release|Any CPU.Build.0 = Release|Any CPU
		{91213655-2469-4889-906A-EB0935AEAF7A}.Debug|Any CPU.ActiveCfg = Debug|Any CPU
		{91213655-2469-4889-906A-EB0935AEAF7A}.Debug|Any CPU.Build.0 = Debug|Any CPU
		{91213655-2469-4889-906A-EB0935AEAF7A}.Release|Any CPU.ActiveCfg = Release|Any CPU
		{91213655-2469-4889-906A-EB0935AEAF7A}.Release|Any CPU.Build.0 = Release|Any CPU
		{EA431C45-C8D5-47EA-9948-47954012C9AE}.Debug|Any CPU.ActiveCfg = Debug|Any CPU
		{EA431C45-C8D5-47EA-9948-47954012C9AE}.Debug|Any CPU.Build.0 = Debug|Any CPU
		{EA431C45-C8D5-47EA-9948-47954012C9AE}.Release|Any CPU.ActiveCfg = Release|Any CPU
		{EA431C45-C8D5-47EA-9948-47954012C9AE}.Release|Any CPU.Build.0 = Release|Any CPU
	EndGlobalSection
	GlobalSection(SolutionProperties) = preSolution
		HideSolutionNode = FALSE
	EndGlobalSection
	GlobalSection(ExtensibilityGlobals) = postSolution
		SolutionGuid = {34AD177B-05EA-495E-B76B-D5FD3ABF647D}
	EndGlobalSection
EndGlobal
